
Microsoft Visual Studio Solution File, Format Version 11.00
# Visual Studio 2010
Project("{FAE04EC0-301F-11D3-BF4B-00C04F79EFBC}") = "joculet", "Assembly-CSharp.csproj", "{568D04D8-20CE-619C-B502-93C47748139B}"
EndProject
Project("{FAE04EC0-301F-11D3-BF4B-00C04F79EFBC}") = "joculet", "Assembly-CSharp-firstpass.csproj", "{7B519A4A-919E-5532-4A12-F1BAB17D1B48}"
EndProject
Project("{FAE04EC0-301F-11D3-BF4B-00C04F79EFBC}") = "joculet", "Assembly-CSharp-Editor.csproj", "{DB43F5B0-4E89-3834-9C94-54D667CB4405}"
EndProject
Project("{FAE04EC0-301F-11D3-BF4B-00C04F79EFBC}") = "joculet", "Assembly-CSharp-Editor-firstpass.csproj", "{FBC4B209-B223-FF29-9E84-DBF382CFB232}"
EndProject
Global
	GlobalSection(SolutionConfigurationPlatforms) = preSolution
		Debug|Any CPU = Debug|Any CPU
		Release|Any CPU = Release|Any CPU
	EndGlobalSection
	GlobalSection(ProjectConfigurationPlatforms) = postSolution
		{568D04D8-20CE-619C-B502-93C47748139B}.Debug|Any CPU.ActiveCfg = Debug|Any CPU
		{568D04D8-20CE-619C-B502-93C47748139B}.Debug|Any CPU.Build.0 = Debug|Any CPU
		{568D04D8-20CE-619C-B502-93C47748139B}.Release|Any CPU.ActiveCfg = Release|Any CPU
		{568D04D8-20CE-619C-B502-93C47748139B}.Release|Any CPU.Build.0 = Release|Any CPU
		{7B519A4A-919E-5532-4A12-F1BAB17D1B48}.Debug|Any CPU.ActiveCfg = Debug|Any CPU
		{7B519A4A-919E-5532-4A12-F1BAB17D1B48}.Debug|Any CPU.Build.0 = Debug|Any CPU
		{7B519A4A-919E-5532-4A12-F1BAB17D1B48}.Release|Any CPU.ActiveCfg = Release|Any CPU
		{7B519A4A-919E-5532-4A12-F1BAB17D1B48}.Release|Any CPU.Build.0 = Release|Any CPU
		{DB43F5B0-4E89-3834-9C94-54D667CB4405}.Debug|Any CPU.ActiveCfg = Debug|Any CPU
		{DB43F5B0-4E89-3834-9C94-54D667CB4405}.Debug|Any CPU.Build.0 = Debug|Any CPU
		{DB43F5B0-4E89-3834-9C94-54D667CB4405}.Release|Any CPU.ActiveCfg = Release|Any CPU
		{DB43F5B0-4E89-3834-9C94-54D667CB4405}.Release|Any CPU.Build.0 = Release|Any CPU
		{FBC4B209-B223-FF29-9E84-DBF382CFB232}.Debug|Any CPU.ActiveCfg = Debug|Any CPU
		{FBC4B209-B223-FF29-9E84-DBF382CFB232}.Debug|Any CPU.Build.0 = Debug|Any CPU
		{FBC4B209-B223-FF29-9E84-DBF382CFB232}.Release|Any CPU.ActiveCfg = Release|Any CPU
		{FBC4B209-B223-FF29-9E84-DBF382CFB232}.Release|Any CPU.Build.0 = Release|Any CPU
	EndGlobalSection
	GlobalSection(SolutionProperties) = preSolution
		HideSolutionNode = FALSE
	EndGlobalSection
	GlobalSection(MonoDevelopProperties) = preSolution
		StartupItem = Assembly-CSharp.csproj
	EndGlobalSection
EndGlobal
